{
  "name": "restaf-demos",
  "version": "3.0.2",
  "lockfileVersion": 2,
  "requires": true,
  "packages": {
    "": {
      "name": "restaf-demos",
      "version": "3.0.2",
      "license": "Apache-2.0",
      "dependencies": {
        "@sassoftware/restaf": "^4.0.2",
        "@sassoftware/restaflib": "^4.0.2"
      },
      "devDependencies": {}
    },
    "node_modules/@sassoftware/restaf": {
      "version": "4.0.2",
      "resolved": "https://registry.npmjs.org/@sassoftware/restaf/-/restaf-4.0.2.tgz",
      "integrity": "sha512-rVZUk1KF7PpJQA4QlmjuoXa3sEaF4quf6o25fcHUMocXfsFhwPbvkdPtYQGUAIIUjhe9ZTvRMcDKbJVHl20wtg==",
      "engines": {
        "node": ">=10.16.0",
        "npm": ">=6.10.0",
        "yarn": ">=1.17.3"
      }
    },
    "node_modules/@sassoftware/restaflib": {
      "version": "4.0.2",
      "resolved": "https://registry.npmjs.org/@sassoftware/restaflib/-/restaflib-4.0.2.tgz",
      "integrity": "sha512-sSXtlmsy2gBy5ti1CXdghcdBbZ7gUhpVPYhC/K/fQqDTe8nijUyt+WWy9OX6tFENEBQPKY0o0zyYLU0tFB6TxA==",
      "engines": {
        "node": ">=10.16.0",
        "npm": ">=6.10.0"
      }
    }
  },
  "dependencies": {
    "@sassoftware/restaf": {
      "version": "4.0.2",
      "resolved": "https://registry.npmjs.org/@sassoftware/restaf/-/restaf-4.0.2.tgz",
      "integrity": "sha512-rVZUk1KF7PpJQA4QlmjuoXa3sEaF4quf6o25fcHUMocXfsFhwPbvkdPtYQGUAIIUjhe9ZTvRMcDKbJVHl20wtg=="
    },
    "@sassoftware/restaflib": {
      "version": "4.0.2",
      "resolved": "https://registry.npmjs.org/@sassoftware/restaflib/-/restaflib-4.0.2.tgz",
      "integrity": "sha512-sSXtlmsy2gBy5ti1CXdghcdBbZ7gUhpVPYhC/K/fQqDTe8nijUyt+WWy9OX6tFENEBQPKY0o0zyYLU0tFB6TxA=="
    }
  }
}
